
Microsoft Visual Studio Solution File, Format Version 12.00
# Visual Studio Version 17
VisualStudioVersion = 17.14.36221.1
MinimumVisualStudioVersion = 10.0.40219.1
Project("{9A19103F-16F7-4668-BE54-9A1E7A4F7556}") = "Dataescher.Data", "..\Dataescher\Data\Dataescher.Data.csproj", "{9B27BC8B-ACD7-7487-7DA8-4E92F278392D}"
EndProject
Project("{9A19103F-16F7-4668-BE54-9A1E7A4F7556}") = "Dataescher.Collections", "..\Dataescher\Collections\Dataescher.Collections.csproj", "{28C55E52-FC0B-59FD-F73C-61DD27B9DEB0}"
EndProject
Project("{9A19103F-16F7-4668-BE54-9A1E7A4F7556}") = "HexEditor", "HexEditor\HexEditor.csproj", "{E6729475-AE06-49ED-996F-C45BDCAD035E}"
EndProject
Project("{9A19103F-16F7-4668-BE54-9A1E7A4F7556}") = "HexEditorControl", "HexEditorControl\HexEditorControl.csproj", "{B46AF8B2-DBF8-4D34-8784-D35118F1E72E}"
EndProject
Project("{2150E333-8FDC-42A3-9474-1A3956D46DE8}") = "Solution Items", "Solution Items", "{8EC462FD-D22E-90A8-E5CE-7E832BA40C5D}"
	ProjectSection(SolutionItems) = preProject
		.editorconfig = .editorconfig
	EndProjectSection
EndProject
Project("{FAE04EC0-301F-11D3-BF4B-00C04F79EFBC}") = "Dataescher", "..\Dataescher\Base\Dataescher.csproj", "{9E336BC3-9AFC-5849-3988-606764E8947F}"
EndProject
Global
	GlobalSection(SolutionConfigurationPlatforms) = preSolution
		Debug|Any CPU = Debug|Any CPU
		Release|Any CPU = Release|Any CPU
	EndGlobalSection
	GlobalSection(ProjectConfigurationPlatforms) = postSolution
		{9B27BC8B-ACD7-7487-7DA8-4E92F278392D}.Debug|Any CPU.ActiveCfg = Debug|Any CPU
		{9B27BC8B-ACD7-7487-7DA8-4E92F278392D}.Debug|Any CPU.Build.0 = Debug|Any CPU
		{9B27BC8B-ACD7-7487-7DA8-4E92F278392D}.Release|Any CPU.ActiveCfg = Release|Any CPU
		{9B27BC8B-ACD7-7487-7DA8-4E92F278392D}.Release|Any CPU.Build.0 = Release|Any CPU
		{28C55E52-FC0B-59FD-F73C-61DD27B9DEB0}.Debug|Any CPU.ActiveCfg = Debug|Any CPU
		{28C55E52-FC0B-59FD-F73C-61DD27B9DEB0}.Debug|Any CPU.Build.0 = Debug|Any CPU
		{28C55E52-FC0B-59FD-F73C-61DD27B9DEB0}.Release|Any CPU.ActiveCfg = Release|Any CPU
		{28C55E52-FC0B-59FD-F73C-61DD27B9DEB0}.Release|Any CPU.Build.0 = Release|Any CPU
		{E6729475-AE06-49ED-996F-C45BDCAD035E}.Debug|Any CPU.ActiveCfg = Debug|Any CPU
		{E6729475-AE06-49ED-996F-C45BDCAD035E}.Debug|Any CPU.Build.0 = Debug|Any CPU
		{E6729475-AE06-49ED-996F-C45BDCAD035E}.Release|Any CPU.ActiveCfg = Release|Any CPU
		{E6729475-AE06-49ED-996F-C45BDCAD035E}.Release|Any CPU.Build.0 = Release|Any CPU
		{B46AF8B2-DBF8-4D34-8784-D35118F1E72E}.Debug|Any CPU.ActiveCfg = Debug|Any CPU
		{B46AF8B2-DBF8-4D34-8784-D35118F1E72E}.Debug|Any CPU.Build.0 = Debug|Any CPU
		{B46AF8B2-DBF8-4D34-8784-D35118F1E72E}.Release|Any CPU.ActiveCfg = Release|Any CPU
		{B46AF8B2-DBF8-4D34-8784-D35118F1E72E}.Release|Any CPU.Build.0 = Release|Any CPU
		{9E336BC3-9AFC-5849-3988-606764E8947F}.Debug|Any CPU.ActiveCfg = Debug|Any CPU
		{9E336BC3-9AFC-5849-3988-606764E8947F}.Debug|Any CPU.Build.0 = Debug|Any CPU
		{9E336BC3-9AFC-5849-3988-606764E8947F}.Release|Any CPU.ActiveCfg = Release|Any CPU
		{9E336BC3-9AFC-5849-3988-606764E8947F}.Release|Any CPU.Build.0 = Release|Any CPU
	EndGlobalSection
	GlobalSection(SolutionProperties) = preSolution
		HideSolutionNode = FALSE
	EndGlobalSection
	GlobalSection(ExtensibilityGlobals) = postSolution
		SolutionGuid = {CFE28752-ADED-46BB-B5B2-083577EF5B31}
	EndGlobalSection
EndGlobal
